{
  "name": "html-angular-validate",
  "version": "0.1.9",
  "lockfileVersion": 1,
  "dependencies": {
    "amdefine": {
      "version": "https://registry.npmjs.org/amdefine/-/amdefine-1.0.0.tgz",
      "integrity": "sha1-/RdHRwDLXMnCtwnwvp0jzjwZjDM=",
      "optional": true
    },
    "ansi-regex": {
      "version": "https://registry.npmjs.org/ansi-regex/-/ansi-regex-2.0.0.tgz",
      "integrity": "sha1-xQYbbg74qBd15Q9dZhUb9r83EQc=",
      "dev": true
    },
    "ansi-styles": {
      "version": "https://registry.npmjs.org/ansi-styles/-/ansi-styles-2.2.0.tgz",
      "integrity": "sha1-xZGRk25u0cExWktra5fzrPv6aLA=",
      "dev": true
    },
    "archy": {
      "version": "https://registry.npmjs.org/archy/-/archy-1.0.0.tgz",
      "integrity": "sha1-+cjBN1fMHde8N5rHeyxipcKGjEA=",
      "dev": true
    },
    "array-differ": {
      "version": "https://registry.npmjs.org/array-differ/-/array-differ-1.0.0.tgz",
      "integrity": "sha1-7/UuN1gknTO+QCuLuOVkuytdQDE=",
      "dev": true
    },
    "array-uniq": {
      "version": "https://registry.npmjs.org/array-uniq/-/array-uniq-1.0.2.tgz",
      "integrity": "sha1-X8w3OSB3VyPP1k1lxkvvU7+eum0=",
      "dev": true
    },
    "ast-types": {
      "version": "https://registry.npmjs.org/ast-types/-/ast-types-0.3.38.tgz",
      "integrity": "sha1-r+Qw5gtNs84u0izuoPFvHDF2Pvc="
    },
    "async": {
      "version": "2.4.1",
      "resolved": "https://registry.npmjs.org/async/-/async-2.4.1.tgz",
      "integrity": "sha1-YqVrJ5yYoR0JhwlqAcw+6463u9c=",
      "dependencies": {
        "lodash": {
          "version": "4.17.4",
          "resolved": "https://registry.npmjs.org/lodash/-/lodash-4.17.4.tgz",
          "integrity": "sha1-eCA6TRwyiuHYbcpkYONptX9AVa4="
        }
      }
    },
    "asynckit": {
      "version": "0.4.0",
      "resolved": "https://registry.npmjs.org/asynckit/-/asynckit-0.4.0.tgz",
      "integrity": "sha1-x57Zf380y48robyXkLzDZkdLS3k="
    },
    "balanced-match": {
      "version": "https://registry.npmjs.org/balanced-match/-/balanced-match-0.3.0.tgz",
      "integrity": "sha1-qRzdHr7xqGZZ5w/03vAWJfwtZ1Y=",
      "dev": true
    },
    "beeper": {
      "version": "https://registry.npmjs.org/beeper/-/beeper-1.1.0.tgz",
      "integrity": "sha1-nub8HOf1T+qs585zWIsFYDeGaiw=",
      "dev": true
    },
    "brace-expansion": {
      "version": "https://registry.npmjs.org/brace-expansion/-/brace-expansion-1.1.3.tgz",
      "integrity": "sha1-Rr/1ARXUf8mriYVKu4fZgHihCZE=",
      "dev": true
    },
    "bytes": {
      "version": "2.4.0",
      "resolved": "https://registry.npmjs.org/bytes/-/bytes-2.4.0.tgz",
      "integrity": "sha1-fZcZb51br39pNeJZhVSe3SpsIzk="
    },
    "chai-properties": {
      "version": "https://registry.npmjs.org/chai-properties/-/chai-properties-1.2.1.tgz",
      "integrity": "sha1-RDMPMUlRkwfHg+/Rzk2QnziZRGE=",
      "dev": true,
      "dependencies": {
        "lodash": {
          "version": "https://registry.npmjs.org/lodash/-/lodash-3.10.1.tgz",
          "integrity": "sha1-W/Rejkm6QYnhfUgnid/RW9FAt7Y=",
          "dev": true
        }
      }
    },
    "chalk": {
      "version": "https://registry.npmjs.org/chalk/-/chalk-1.1.1.tgz",
      "integrity": "sha1-UJr7ZwZudJn36zU1x3RFdyri0Bk=",
      "dev": true
    },
    "clone": {
      "version": "https://registry.npmjs.org/clone/-/clone-1.0.2.tgz",
      "integrity": "sha1-Jgt6meux7f4kdTgXX3gyQ8sZ0Uk=",
      "dev": true
    },
    "clone-stats": {
      "version": "https://registry.npmjs.org/clone-stats/-/clone-stats-0.0.1.tgz",
      "integrity": "sha1-uI+UqCzzi4eR1YBG6kAprYjKmdE=",
      "dev": true
    },
    "co": {
      "version": "https://registry.npmjs.org/co/-/co-3.0.6.tgz",
      "integrity": "sha1-FEXyJsXrlWE45oyawwFn6n0ua9o="
    },
    "color-convert": {
      "version": "https://registry.npmjs.org/color-convert/-/color-convert-1.0.0.tgz",
      "integrity": "sha1-PCb82IXSctRb6s9uQbq6dciahXk=",
      "dev": true
    },
    "concat-map": {
      "version": "https://registry.npmjs.org/concat-map/-/concat-map-0.0.1.tgz",
      "integrity": "sha1-2Klr13/Wjfd5OnMDajug1UBdR3s="
    },
    "console-browserify": {
      "version": "https://registry.npmjs.org/console-browserify/-/console-browserify-1.1.0.tgz",
      "integrity": "sha1-8CQcRXMKn8YyOyBtvzjtx0HQuxA=",
      "dev": true
    },
    "core-util-is": {
      "version": "https://registry.npmjs.org/core-util-is/-/core-util-is-1.0.2.tgz",
      "integrity": "sha1-tf1UIgqivFq1eqtxQMlAdUUDwac="
    },
    "data-uri-to-buffer": {
      "version": "https://registry.npmjs.org/data-uri-to-buffer/-/data-uri-to-buffer-0.0.4.tgz",
      "integrity": "sha1-RuE6udqOMJdFyNAc5UchPr2y/j8="
    },
    "date-now": {
      "version": "https://registry.npmjs.org/date-now/-/date-now-0.1.4.tgz",
      "integrity": "sha1-6vQ5/U1ISK105cx9vvIAZyueNFs=",
      "dev": true
    },
    "debug": {
      "version": "https://registry.npmjs.org/debug/-/debug-2.2.0.tgz",
      "integrity": "sha1-+HBX6ZWxofauaklgZkE3vFbwOdo="
    },
    "defaults": {
      "version": "https://registry.npmjs.org/defaults/-/defaults-1.0.3.tgz",
      "integrity": "sha1-xlYFHpgX2f8I7YgUd/P+QBnz730=",
      "dev": true
    },
    "degenerator": {
      "version": "https://registry.npmjs.org/degenerator/-/degenerator-1.0.2.tgz",
      "integrity": "sha1-wiIiyBFcsi87/u4Ke1WEPxZ3yqo="
    },
    "deprecated": {
      "version": "https://registry.npmjs.org/deprecated/-/deprecated-0.0.1.tgz",
      "integrity": "sha1-+cmvVGSvoeepcUWKi97yqpTVuxk=",
      "dev": true
    },
    "dom-serializer": {
      "version": "https://registry.npmjs.org/dom-serializer/-/dom-serializer-0.1.0.tgz",
      "integrity": "sha1-BzxpdUbOB4DOI75KKOKT5AvDDII=",
      "dev": true,
      "dependencies": {
        "domelementtype": {
          "version": "https://registry.npmjs.org/domelementtype/-/domelementtype-1.1.3.tgz",
          "integrity": "sha1-vSh3PiZCiBrsUVRJJCmcXNgiGFs=",
          "dev": true
        },
        "entities": {
          "version": "https://registry.npmjs.org/entities/-/entities-1.1.1.tgz",
          "integrity": "sha1-blwtClYhtdra7O+AuQ7ftc13cvA=",
          "dev": true
        }
      }
    },
    "domelementtype": {
      "version": "https://registry.npmjs.org/domelementtype/-/domelementtype-1.3.0.tgz",
      "integrity": "sha1-sXrtguirWeUt2cGbF1bg/BhyBMI=",
      "dev": true
    },
    "domhandler": {
      "version": "https://registry.npmjs.org/domhandler/-/domhandler-2.3.0.tgz",
      "integrity": "sha1-LeWaCCLVAn+r/28DLCsloqir5zg=",
      "dev": true
    },
    "domutils": {
      "version": "https://registry.npmjs.org/domutils/-/domutils-1.5.1.tgz",
      "integrity": "sha1-3NhIiib1Y9YQeeSMn3t+Mjc2gs8=",
      "dev": true
    },
    "duplexer2": {
      "version": "https://registry.npmjs.org/duplexer2/-/duplexer2-0.0.2.tgz",
      "integrity": "sha1-xhTc9n4vsUmVqRcR5aYX6KYKMds=",
      "dev": true,
      "dependencies": {
        "readable-stream": {
          "version": "https://registry.npmjs.org/readable-stream/-/readable-stream-1.1.13.tgz",
          "integrity": "sha1-9u73ZPUUyJ4rniMUanW6EGdW0j4=",
          "dev": true
        }
      }
    },
    "end-of-stream": {
      "version": "https://registry.npmjs.org/end-of-stream/-/end-of-stream-0.1.5.tgz",
      "integrity": "sha1-jhdyBsPICDfYVjLouTWd/osvbq8=",
      "dev": true
    },
    "entities": {
      "version": "https://registry.npmjs.org/entities/-/entities-1.0.0.tgz",
      "integrity": "sha1-sph6o4ITR/zeZCsk/fyeT7cSvyY=",
      "dev": true
    },
    "escape-string-regexp": {
      "version": "https://registry.npmjs.org/escape-string-regexp/-/escape-string-regexp-1.0.5.tgz",
      "integrity": "sha1-G2HAViGQqN/2rjuyzwIAyhMLhtQ=",
      "dev": true
    },
    "escodegen": {
      "version": "https://registry.npmjs.org/escodegen/-/escodegen-1.3.3.tgz",
      "integrity": "sha1-8CQBb1qI4Eb9EgBQVek5gC5sXyM=",
      "dependencies": {
        "esprima": {
          "version": "https://registry.npmjs.org/esprima/-/esprima-1.1.1.tgz",
          "integrity": "sha1-W28VR/TRAuZw4UDFCb5ncdautUk="
        }
      }
    },
    "esprima": {
      "version": "https://registry.npmjs.org/esprima/-/esprima-2.3.0.tgz",
      "integrity": "sha1-0m3r11Rfz4kWqAZoI2MQ4U2ms0U="
    },
    "estraverse": {
      "version": "https://registry.npmjs.org/estraverse/-/estraverse-1.5.1.tgz",
      "integrity": "sha1-hno+jlip+EYYr7bC3bzZFrfLr3E="
    },
    "esutils": {
      "version": "https://registry.npmjs.org/esutils/-/esutils-1.0.0.tgz",
      "integrity": "sha1-gVHTWOIMisx/t0XnRywAJf5JZXA="
    },
    "exit": {
      "version": "https://registry.npmjs.org/exit/-/exit-0.1.2.tgz",
      "integrity": "sha1-BjJjj42HfMghB9MKD/8aF8uhzQw=",
      "dev": true
    },
    "fancy-log": {
      "version": "https://registry.npmjs.org/fancy-log/-/fancy-log-1.2.0.tgz",
      "integrity": "sha1-1aUbU+mrIsoH1VjytnrlX9tfy9g=",
      "dev": true
    },
    "file-uri-to-path": {
      "version": "https://registry.npmjs.org/file-uri-to-path/-/file-uri-to-path-0.0.2.tgz",
      "integrity": "sha1-N83RtbkFQEs/BeGyNkW+aU/3D4I="
    },
    "filendir": {
      "version": "https://registry.npmjs.org/filendir/-/filendir-1.0.0.tgz",
      "integrity": "sha1-dFtEWvzElwpM2wD9lTnHftlCrfY="
    },
    "find-index": {
      "version": "https://registry.npmjs.org/find-index/-/find-index-0.1.1.tgz",
      "integrity": "sha1-Z101iyyjiS15Whq0cjL4tuLg3eQ=",
      "dev": true
    },
    "findup-sync": {
      "version": "https://registry.npmjs.org/findup-sync/-/findup-sync-0.3.0.tgz",
      "integrity": "sha1-N5MKpdgWt3fANEXhlmzGeQpMCxY=",
      "dev": true,
      "dependencies": {
        "glob": {
          "version": "https://registry.npmjs.org/glob/-/glob-5.0.15.tgz",
          "integrity": "sha1-G8k2ueAvSmA/zCIuz3Yz0wuLk7E=",
          "dev": true
        },
        "minimatch": {
          "version": "https://registry.npmjs.org/minimatch/-/minimatch-3.0.0.tgz",
          "integrity": "sha1-UjYVelHk8ATBd/s8Un/33Xjw74M=",
          "dev": true
        }
      }
    },
    "first-chunk-stream": {
      "version": "https://registry.npmjs.org/first-chunk-stream/-/first-chunk-stream-1.0.0.tgz",
      "integrity": "sha1-Wb+1DNkF9g18OUzT2ayqtOatk04=",
      "dev": true
    },
    "flagged-respawn": {
      "version": "https://registry.npmjs.org/flagged-respawn/-/flagged-respawn-0.3.1.tgz",
      "integrity": "sha1-OXcAkl324SRSICpx6J2JVF+7vp0=",
      "dev": true
    },
    "fs.realpath": {
      "version": "1.0.0",
      "resolved": "https://registry.npmjs.org/fs.realpath/-/fs.realpath-1.0.0.tgz",
      "integrity": "sha1-FQStJSMVjKpA20onh8sBQRmU6k8="
    },
    "ftp": {
      "version": "https://registry.npmjs.org/ftp/-/ftp-0.3.10.tgz",
      "integrity": "sha1-kZfYYa2BQvPmPVqDv+TFn3MwiF0=",
      "dependencies": {
        "readable-stream": {
          "version": "https://registry.npmjs.org/readable-stream/-/readable-stream-1.1.13.tgz",
          "integrity": "sha1-9u73ZPUUyJ4rniMUanW6EGdW0j4="
        }
      }
    },
    "gaze": {
      "version": "https://registry.npmjs.org/gaze/-/gaze-0.5.2.tgz",
      "integrity": "sha1-QLcJU30k0dRXZ9takIaJ3+aaxE8=",
      "dev": true,
      "dependencies": {
        "glob": {
          "version": "https://registry.npmjs.org/glob/-/glob-3.1.21.tgz",
          "integrity": "sha1-0p4KBV3qUTj00H7UDomC6DwgZs0=",
          "dev": true
        },
        "globule": {
          "version": "https://registry.npmjs.org/globule/-/globule-0.1.0.tgz",
          "integrity": "sha1-2cjt3h2nnRJaFRt5UzuXhnY0auU=",
          "dev": true
        },
        "graceful-fs": {
          "version": "https://registry.npmjs.org/graceful-fs/-/graceful-fs-1.2.3.tgz",
          "integrity": "sha1-FaSAaldUfLLS2/J/QuiajDRRs2Q=",
          "dev": true
        },
        "inherits": {
          "version": "https://registry.npmjs.org/inherits/-/inherits-1.0.2.tgz",
          "integrity": "sha1-ykMJ2t7mtUzAuNJH6NfHoJdb3Js=",
          "dev": true
        },
        "lodash": {
          "version": "https://registry.npmjs.org/lodash/-/lodash-1.0.2.tgz",
          "integrity": "sha1-j1dWDIO1n8JwvT1WG2kAQ0MOJVE=",
          "dev": true
        }
      }
    },
    "glob-stream": {
      "version": "https://registry.npmjs.org/glob-stream/-/glob-stream-3.1.18.tgz",
      "integrity": "sha1-kXCl8St5Awb9/lmPMT+PeVT9FDs=",
      "dev": true,
      "dependencies": {
        "glob": {
          "version": "https://registry.npmjs.org/glob/-/glob-4.5.3.tgz",
          "integrity": "sha1-xstz0yJsHv7wTePFbQEvAzd+4V8=",
          "dev": true
        },
        "minimatch": {
          "version": "https://registry.npmjs.org/minimatch/-/minimatch-2.0.10.tgz",
          "integrity": "sha1-jQh8OcazjAAbl/ynzm0OHoCvusc=",
          "dev": true
        },
        "readable-stream": {
          "version": "https://registry.npmjs.org/readable-stream/-/readable-stream-1.0.33.tgz",
          "integrity": "sha1-OjYN1mwbHX/UcFOJhg7aHQ9hEmw=",
          "dev": true
        },
        "through2": {
          "version": "https://registry.npmjs.org/through2/-/through2-0.6.5.tgz",
          "integrity": "sha1-QaucZ7KdVyCQcUEOHXp6lozTrUg=",
          "dev": true
        }
      }
    },
    "glob-watcher": {
      "version": "https://registry.npmjs.org/glob-watcher/-/glob-watcher-0.0.6.tgz",
      "integrity": "sha1-uVtKjfdLOcgymLDAXJeLTZo7cQs=",
      "dev": true
    },
    "glob2base": {
      "version": "https://registry.npmjs.org/glob2base/-/glob2base-0.0.12.tgz",
      "integrity": "sha1-nUGbPijxLoOjYhZKJ3BVkiycDVY=",
      "dev": true
    },
    "globule": {
      "version": "1.2.0",
      "resolved": "https://registry.npmjs.org/globule/-/globule-1.2.0.tgz",
      "integrity": "sha1-HcScaCLdnoovoAuiopUAboZkvQk=",
      "dependencies": {
        "balanced-match": {
          "version": "1.0.0",
          "resolved": "https://registry.npmjs.org/balanced-match/-/balanced-match-1.0.0.tgz",
          "integrity": "sha1-ibTRmasr7kneFk6gK4nORi1xt2c="
        },
        "brace-expansion": {
          "version": "1.1.8",
          "resolved": "https://registry.npmjs.org/brace-expansion/-/brace-expansion-1.1.8.tgz",
          "integrity": "sha1-wHshHHyVLsH479Uad+8NHTmQopI="
        },
        "glob": {
          "version": "7.1.2",
          "resolved": "https://registry.npmjs.org/glob/-/glob-7.1.2.tgz",
          "integrity": "sha512-MJTUg1kjuLeQCJ+ccE4Vpa6kKVXkPYJ2mOCQyUuKLcLQsdrMCpBPUi8qVE6+YuaJkozeA9NusTAw3hLr8Xe5EQ=="
        },
        "lodash": {
          "version": "4.17.4",
          "resolved": "https://registry.npmjs.org/lodash/-/lodash-4.17.4.tgz",
          "integrity": "sha1-eCA6TRwyiuHYbcpkYONptX9AVa4="
        },
        "minimatch": {
          "version": "3.0.4",
          "resolved": "https://registry.npmjs.org/minimatch/-/minimatch-3.0.4.tgz",
          "integrity": "sha512-yJHVQEhyqPLUTgt9B83PXu6W3rx4MvvHvSUvToogpwoGDOUQ+yDrR0HRot+yOCdCO7u4hX3pWft6kWBBcqh0UA=="
        }
      }
    },
    "glogg": {
      "version": "https://registry.npmjs.org/glogg/-/glogg-1.0.0.tgz",
      "integrity": "sha1-f+DxmfV6yQbPUS/urY+Q7kooT8U=",
      "dev": true
    },
    "graceful-readlink": {
      "version": "https://registry.npmjs.org/graceful-readlink/-/graceful-readlink-1.0.1.tgz",
      "integrity": "sha1-TK+tdrxi8C+gObL5Tpo906ORpyU="
    },
    "gulp": {
      "version": "https://registry.npmjs.org/gulp/-/gulp-3.9.1.tgz",
      "integrity": "sha1-VxzkWSjdQK9lFPxAEYZgFsE4RbQ=",
      "dev": true,
      "dependencies": {
        "minimist": {
          "version": "https://registry.npmjs.org/minimist/-/minimist-1.2.0.tgz",
          "integrity": "sha1-o1AIsg9BOD7sH7kU9M1d95omQoQ=",
          "dev": true
        }
      }
    },
    "gulp-jshint": {
      "version": "2.0.4",
      "resolved": "https://registry.npmjs.org/gulp-jshint/-/gulp-jshint-2.0.4.tgz",
      "integrity": "sha1-84KxhWSxBy3vDJqvdTwUba208Og=",
      "dev": true,
      "dependencies": {
        "balanced-match": {
          "version": "1.0.0",
          "resolved": "https://registry.npmjs.org/balanced-match/-/balanced-match-1.0.0.tgz",
          "integrity": "sha1-ibTRmasr7kneFk6gK4nORi1xt2c=",
          "dev": true
        },
        "brace-expansion": {
          "version": "1.1.8",
          "resolved": "https://registry.npmjs.org/brace-expansion/-/brace-expansion-1.1.8.tgz",
          "integrity": "sha1-wHshHHyVLsH479Uad+8NHTmQopI=",
          "dev": true
        },
        "lodash": {
          "version": "4.17.4",
          "resolved": "https://registry.npmjs.org/lodash/-/lodash-4.17.4.tgz",
          "integrity": "sha1-eCA6TRwyiuHYbcpkYONptX9AVa4=",
          "dev": true
        },
        "lodash.assign": {
          "version": "4.2.0",
          "resolved": "https://registry.npmjs.org/lodash.assign/-/lodash.assign-4.2.0.tgz",
          "integrity": "sha1-DZnzzNem0mHRm9rrkkUAXShYCOc=",
          "dev": true
        },
        "minimatch": {
          "version": "3.0.4",
          "resolved": "https://registry.npmjs.org/minimatch/-/minimatch-3.0.4.tgz",
          "integrity": "sha512-yJHVQEhyqPLUTgt9B83PXu6W3rx4MvvHvSUvToogpwoGDOUQ+yDrR0HRot+yOCdCO7u4hX3pWft6kWBBcqh0UA==",
          "dev": true
        },
        "rcloader": {
          "version": "0.2.2",
          "resolved": "https://registry.npmjs.org/rcloader/-/rcloader-0.2.2.tgz",
          "integrity": "sha1-WNIpi0YtC5v9ITPSoex0+9cFxxc=",
          "dev": true
        }
      }
    },
    "gulp-util": {
      "version": "3.0.8",
      "resolved": "https://registry.npmjs.org/gulp-util/-/gulp-util-3.0.8.tgz",
      "integrity": "sha1-AFTh50RQLifATBh8PsxQXdVLu08=",
      "dev": true,
      "dependencies": {
        "dateformat": {
          "version": "2.0.0",
          "resolved": "https://registry.npmjs.org/dateformat/-/dateformat-2.0.0.tgz",
          "integrity": "sha1-J0Pjq7XD/CRi5SfcpEXgTp9N7hc=",
          "dev": true
        },
        "minimist": {
          "version": "1.2.0",
          "resolved": "https://registry.npmjs.org/minimist/-/minimist-1.2.0.tgz",
          "integrity": "sha1-o1AIsg9BOD7sH7kU9M1d95omQoQ=",
          "dev": true
        }
      }
    },
    "gulplog": {
      "version": "https://registry.npmjs.org/gulplog/-/gulplog-1.0.0.tgz",
      "integrity": "sha1-4oxNRdBey77YGDY86PnFkmIp/+U=",
      "dev": true
    },
    "has-ansi": {
      "version": "https://registry.npmjs.org/has-ansi/-/has-ansi-2.0.0.tgz",
      "integrity": "sha1-NPUEnOHs3ysGSa8+8k5F7TVBbZE=",
      "dev": true
    },
    "has-gulplog": {
      "version": "https://registry.npmjs.org/has-gulplog/-/has-gulplog-0.1.0.tgz",
      "integrity": "sha1-ZBTIKRNpfaUVkDl9r7EvIpZ4Ec4=",
      "dev": true
    },
    "htmlparser2": {
      "version": "https://registry.npmjs.org/htmlparser2/-/htmlparser2-3.8.3.tgz",
      "integrity": "sha1-mWwosZFRaovoZQGn15dX5ccMEGg=",
      "dev": true,
      "dependencies": {
        "readable-stream": {
          "version": "https://registry.npmjs.org/readable-stream/-/readable-stream-1.1.13.tgz",
          "integrity": "sha1-9u73ZPUUyJ4rniMUanW6EGdW0j4=",
          "dev": true
        }
      }
    },
    "inflight": {
      "version": "https://registry.npmjs.org/inflight/-/inflight-1.0.4.tgz",
      "integrity": "sha1-bLtFIevVHODsCpNr/XZX736bFyo="
    },
    "inherits": {
      "version": "https://registry.npmjs.org/inherits/-/inherits-2.0.1.tgz",
      "integrity": "sha1-sX0I0ya0Qj5Wjv9xn5GwscvfafE="
    },
    "interpret": {
      "version": "https://registry.npmjs.org/interpret/-/interpret-1.0.0.tgz",
      "integrity": "sha1-KjM4+hwr2+WM2//6vL0OtSsFJB8=",
      "dev": true
    },
    "ip": {
      "version": "https://registry.npmjs.org/ip/-/ip-0.3.3.tgz",
      "integrity": "sha1-jugwnpLwsEDSh/cu+soaIXAtP7Q="
    },
    "is-utf8": {
      "version": "https://registry.npmjs.org/is-utf8/-/is-utf8-0.2.1.tgz",
      "integrity": "sha1-Sw2hRCEE0bM2NA6AeX6GXPOffXI=",
      "dev": true
    },
    "isarray": {
      "version": "https://registry.npmjs.org/isarray/-/isarray-0.0.1.tgz",
      "integrity": "sha1-ihis/Kmo9Bd+Cav8YDiTmwXR7t8="
    },
    "jshint": {
      "version": "2.9.4",
      "resolved": "https://registry.npmjs.org/jshint/-/jshint-2.9.4.tgz",
      "integrity": "sha1-XjupeEjVKQJz21FK7kf+JM9ZKTQ=",
      "dev": true,
      "dependencies": {
        "balanced-match": {
          "version": "1.0.0",
          "resolved": "https://registry.npmjs.org/balanced-match/-/balanced-match-1.0.0.tgz",
          "integrity": "sha1-ibTRmasr7kneFk6gK4nORi1xt2c=",
          "dev": true
        },
        "brace-expansion": {
          "version": "1.1.8",
          "resolved": "https://registry.npmjs.org/brace-expansion/-/brace-expansion-1.1.8.tgz",
          "integrity": "sha1-wHshHHyVLsH479Uad+8NHTmQopI=",
          "dev": true
        },
        "cli": {
          "version": "1.0.1",
          "resolved": "https://registry.npmjs.org/cli/-/cli-1.0.1.tgz",
          "integrity": "sha1-IoF1NPJL+klQw01TLUjsvGIbjBQ=",
          "dev": true
        },
        "glob": {
          "version": "7.1.2",
          "resolved": "https://registry.npmjs.org/glob/-/glob-7.1.2.tgz",
          "integrity": "sha512-MJTUg1kjuLeQCJ+ccE4Vpa6kKVXkPYJ2mOCQyUuKLcLQsdrMCpBPUi8qVE6+YuaJkozeA9NusTAw3hLr8Xe5EQ==",
          "dev": true
        },
        "lodash": {
          "version": "3.7.0",
          "resolved": "https://registry.npmjs.org/lodash/-/lodash-3.7.0.tgz",
          "integrity": "sha1-Nni9irmVBXwHreg27S7wh9qBHUU=",
          "dev": true
        },
        "minimatch": {
          "version": "3.0.4",
          "resolved": "https://registry.npmjs.org/minimatch/-/minimatch-3.0.4.tgz",
          "integrity": "sha512-yJHVQEhyqPLUTgt9B83PXu6W3rx4MvvHvSUvToogpwoGDOUQ+yDrR0HRot+yOCdCO7u4hX3pWft6kWBBcqh0UA==",
          "dev": true
        }
      }
    },
    "liftoff": {
      "version": "https://registry.npmjs.org/liftoff/-/liftoff-2.2.0.tgz",
      "integrity": "sha1-9fz6RYMRMVnRKTWooGFvUBKLV1M=",
      "dev": true,
      "dependencies": {
        "extend": {
          "version": "https://registry.npmjs.org/extend/-/extend-2.0.1.tgz",
          "integrity": "sha1-HugBBonnOV/5RIJByYZSvHWagmA=",
          "dev": true
        }
      }
    },
    "lodash": {
      "version": "https://registry.npmjs.org/lodash/-/lodash-2.4.2.tgz",
      "integrity": "sha1-+t2DS5aDBz2hebPq5tnA0VBT9z4=",
      "dev": true
    },
    "lodash._basecopy": {
      "version": "https://registry.npmjs.org/lodash._basecopy/-/lodash._basecopy-3.0.1.tgz",
      "integrity": "sha1-jaDmqHbPNEwK2KVIghEd08XHyjY=",
      "dev": true
    },
    "lodash._basetostring": {
      "version": "https://registry.npmjs.org/lodash._basetostring/-/lodash._basetostring-3.0.1.tgz",
      "integrity": "sha1-0YYdh3+CSlL2aYMtyvPuFVZqB9U=",
      "dev": true
    },
    "lodash._basevalues": {
      "version": "https://registry.npmjs.org/lodash._basevalues/-/lodash._basevalues-3.0.0.tgz",
      "integrity": "sha1-W3dXYoAr3j0yl1A+JjAIIP32Ybc=",
      "dev": true
    },
    "lodash._getnative": {
      "version": "https://registry.npmjs.org/lodash._getnative/-/lodash._getnative-3.9.1.tgz",
      "integrity": "sha1-VwvH3t5G1hzc3mh9ZdPuy6o6r/U=",
      "dev": true
    },
    "lodash._isiterateecall": {
      "version": "https://registry.npmjs.org/lodash._isiterateecall/-/lodash._isiterateecall-3.0.9.tgz",
      "integrity": "sha1-UgOte6Ql+uhCRg5pbbnPPmqsBXw=",
      "dev": true
    },
    "lodash._reescape": {
      "version": "https://registry.npmjs.org/lodash._reescape/-/lodash._reescape-3.0.0.tgz",
      "integrity": "sha1-Kx1vXf4HyKNVdT5fJ/rH8c3hYWo=",
      "dev": true
    },
    "lodash._reevaluate": {
      "version": "https://registry.npmjs.org/lodash._reevaluate/-/lodash._reevaluate-3.0.0.tgz",
      "integrity": "sha1-WLx0xAZklTrgsSTYBpltrKQx4u0=",
      "dev": true
    },
    "lodash._reinterpolate": {
      "version": "https://registry.npmjs.org/lodash._reinterpolate/-/lodash._reinterpolate-3.0.0.tgz",
      "integrity": "sha1-DM8tiRZq8Ds2Y8eWU4t1rG4RTZ0=",
      "dev": true
    },
    "lodash._root": {
      "version": "https://registry.npmjs.org/lodash._root/-/lodash._root-3.0.1.tgz",
      "integrity": "sha1-+6HEUkwZ7ppfgTa0YJ8BfPTe1pI=",
      "dev": true
    },
    "lodash.escape": {
      "version": "https://registry.npmjs.org/lodash.escape/-/lodash.escape-3.2.0.tgz",
      "integrity": "sha1-mV7g3BjBtIzJLv+ucaEKq1tIdpg=",
      "dev": true
    },
    "lodash.isarguments": {
      "version": "https://registry.npmjs.org/lodash.isarguments/-/lodash.isarguments-3.0.7.tgz",
      "integrity": "sha1-8LkWnPQSwR2KR5ziHgb+EUVBdJU=",
      "dev": true
    },
    "lodash.isarray": {
      "version": "https://registry.npmjs.org/lodash.isarray/-/lodash.isarray-3.0.4.tgz",
      "integrity": "sha1-eeTriMNqgSKvhvhEqpvNhRtfu1U=",
      "dev": true
    },
    "lodash.isobject": {
      "version": "3.0.2",
      "resolved": "https://registry.npmjs.org/lodash.isobject/-/lodash.isobject-3.0.2.tgz",
      "integrity": "sha1-PI+41bW/S/kK4G4U8qUwpO2TXh0=",
      "dev": true
    },
    "lodash.keys": {
      "version": "https://registry.npmjs.org/lodash.keys/-/lodash.keys-3.1.2.tgz",
      "integrity": "sha1-TbwEcrFWvlCgsoaFXRvQsMZWCYo=",
      "dev": true
    },
    "lodash.merge": {
      "version": "4.6.0",
      "resolved": "https://registry.npmjs.org/lodash.merge/-/lodash.merge-4.6.0.tgz",
      "integrity": "sha1-aYhLoUSsM/5plzemCG3v+t0PicU=",
      "dev": true
    },
    "lodash.restparam": {
      "version": "https://registry.npmjs.org/lodash.restparam/-/lodash.restparam-3.6.1.tgz",
      "integrity": "sha1-k2pOMJ7zMKdkXtQUWYbIWuWyCAU=",
      "dev": true
    },
    "lodash.template": {
      "version": "https://registry.npmjs.org/lodash.template/-/lodash.template-3.6.2.tgz",
      "integrity": "sha1-+M3sxhaaJVvpCYrosMU9N4kx0U8=",
      "dev": true
    },
    "lodash.templatesettings": {
      "version": "https://registry.npmjs.org/lodash.templatesettings/-/lodash.templatesettings-3.1.1.tgz",
      "integrity": "sha1-+zB4RHU7Zrnxr6VOJix0UwfbqOU=",
      "dev": true
    },
    "lru-cache": {
      "version": "https://registry.npmjs.org/lru-cache/-/lru-cache-2.7.3.tgz",
      "integrity": "sha1-bUUk6LlV+V1PW1iFHOId1y+06VI=",
      "dev": true
    },
    "mime-db": {
      "version": "1.27.0",
      "resolved": "https://registry.npmjs.org/mime-db/-/mime-db-1.27.0.tgz",
      "integrity": "sha1-gg9XIpa70g7CXtVeW13oaeVDbrE="
    },
    "mime-types": {
      "version": "2.1.15",
      "resolved": "https://registry.npmjs.org/mime-types/-/mime-types-2.1.15.tgz",
      "integrity": "sha1-pOv1BkCUVpI3uM9wBGd20J/JKu0="
    },
    "minimatch": {
      "version": "https://registry.npmjs.org/minimatch/-/minimatch-0.2.14.tgz",
      "integrity": "sha1-x054BXT2PG+aCQ6Q775u9TpqdWo=",
      "dev": true
    },
    "minimist": {
      "version": "https://registry.npmjs.org/minimist/-/minimist-0.0.8.tgz",
      "integrity": "sha1-hX/Kv8M5fSYluCKCYuhqp6ARsF0="
    },
    "mkdirp": {
      "version": "https://registry.npmjs.org/mkdirp/-/mkdirp-0.5.1.tgz",
      "integrity": "sha1-MAV0OOrGz3+MR2fzhkjWaX11yQM="
    },
    "ms": {
      "version": "https://registry.npmjs.org/ms/-/ms-0.7.1.tgz",
      "integrity": "sha1-nNE8A62/8ltl7/3nzoZO6VIBcJg="
    },
    "multipipe": {
      "version": "https://registry.npmjs.org/multipipe/-/multipipe-0.1.2.tgz",
      "integrity": "sha1-Ko8t33Du1WTf8tV/HhoTfZ8FB4s=",
      "dev": true
    },
    "netmask": {
      "version": "https://registry.npmjs.org/netmask/-/netmask-1.0.5.tgz",
      "integrity": "sha1-hIUSGClLiOCsWgCOxGQB4qXHZ9I="
    },
    "node.extend": {
      "version": "2.0.0",
      "resolved": "https://registry.npmjs.org/node.extend/-/node.extend-2.0.0.tgz",
      "integrity": "sha1-dSWih1Z36lNHhKXhCseJVhOWFN8=",
      "dependencies": {
        "is": {
          "version": "3.2.1",
          "resolved": "https://registry.npmjs.org/is/-/is-3.2.1.tgz",
          "integrity": "sha1-0Kwq1V63sL7JJqUmb2xmKqqD3KU="
        }
      }
    },
    "object-assign": {
      "version": "https://registry.npmjs.org/object-assign/-/object-assign-3.0.0.tgz",
      "integrity": "sha1-m+3VygiXlJvKR+f/QIBi1Un1h/I=",
      "dev": true
    },
    "once": {
      "version": "https://registry.npmjs.org/once/-/once-1.3.3.tgz",
      "integrity": "sha1-suJhVXzkwxTsgwTz+oJmPkKXyiA="
    },
    "orchestrator": {
      "version": "https://registry.npmjs.org/orchestrator/-/orchestrator-0.3.7.tgz",
      "integrity": "sha1-xFBk4ixaKnuZc09AmpX/7cfTw98=",
      "dev": true
    },
    "ordered-read-streams": {
      "version": "https://registry.npmjs.org/ordered-read-streams/-/ordered-read-streams-0.1.0.tgz",
      "integrity": "sha1-/VZamvjrRHO6abbtijQ1LLVS8SY=",
      "dev": true
    },
    "os-homedir": {
      "version": "https://registry.npmjs.org/os-homedir/-/os-homedir-1.0.1.tgz",
      "integrity": "sha1-DWK99EuRb9O73PLKsZGUj7CU8Ac=",
      "dev": true
    },
    "path-is-absolute": {
      "version": "https://registry.npmjs.org/path-is-absolute/-/path-is-absolute-1.0.0.tgz",
      "integrity": "sha1-Jj2tpmqz8vsQv3+dJN2PPlcO+RI="
    },
    "pretty-hrtime": {
      "version": "https://registry.npmjs.org/pretty-hrtime/-/pretty-hrtime-1.0.2.tgz",
      "integrity": "sha1-cMqW9NBiikQ7kYdY95QWqae8n6g=",
      "dev": true
    },
    "private": {
      "version": "https://registry.npmjs.org/private/-/private-0.1.6.tgz",
      "integrity": "sha1-VcapdtD5uvuZJIUTUP5HubX7t8E="
    },
    "process-nextick-args": {
      "version": "https://registry.npmjs.org/process-nextick-args/-/process-nextick-args-1.0.6.tgz",
      "integrity": "sha1-D5awAc6pCxJZLOVm7bl+wR5pvQU="
    },
    "raw-body": {
      "version": "2.2.0",
      "resolved": "https://registry.npmjs.org/raw-body/-/raw-body-2.2.0.tgz",
      "integrity": "sha1-mUl2z2pQlqQRYoQEkvC9xdbn+5Y=",
      "dependencies": {
        "iconv-lite": {
          "version": "0.4.15",
          "resolved": "https://registry.npmjs.org/iconv-lite/-/iconv-lite-0.4.15.tgz",
          "integrity": "sha1-/iZaIYrGpXz+hUkn6dBMGYJe3es="
        }
      }
    },
    "rcfinder": {
      "version": "https://registry.npmjs.org/rcfinder/-/rcfinder-0.1.8.tgz",
      "integrity": "sha1-X6JAZoMM9qZl+eOCDLPGfwr0BY4=",
      "dev": true
    },
    "rechoir": {
      "version": "https://registry.npmjs.org/rechoir/-/rechoir-0.6.2.tgz",
      "integrity": "sha1-hSBLVNuoLVdC4oyWdW70OvUOM4Q=",
      "dev": true
    },
    "replace-ext": {
      "version": "https://registry.npmjs.org/replace-ext/-/replace-ext-0.0.1.tgz",
      "integrity": "sha1-KbvZIHinOfC8zitO5B6DeVNSKSQ=",
      "dev": true
    },
    "resolve": {
      "version": "https://registry.npmjs.org/resolve/-/resolve-1.1.7.tgz",
      "integrity": "sha1-IDEU2CrSxe2ejgQRs5ModeiJ6Xs=",
      "dev": true
    },
    "safe-buffer": {
      "version": "5.0.1",
      "resolved": "https://registry.npmjs.org/safe-buffer/-/safe-buffer-5.0.1.tgz",
      "integrity": "sha1-0mPKVGls2KMGtcplUekt5XkY++c="
    },
    "semver": {
      "version": "https://registry.npmjs.org/semver/-/semver-4.3.6.tgz",
      "integrity": "sha1-MAvG4OhjdPe6YQaLWx7NV/xlMto=",
      "dev": true
    },
    "sequencify": {
      "version": "https://registry.npmjs.org/sequencify/-/sequencify-0.0.7.tgz",
      "integrity": "sha1-kM/xnQLgcCf9dn9erT57ldHnOAw=",
      "dev": true
    },
    "shelljs": {
      "version": "https://registry.npmjs.org/shelljs/-/shelljs-0.3.0.tgz",
      "integrity": "sha1-NZbmMHp4FUT1kfN9phg2DzHbV7E=",
      "dev": true
    },
    "sigmund": {
      "version": "https://registry.npmjs.org/sigmund/-/sigmund-1.0.1.tgz",
      "integrity": "sha1-P/IfGYytIXX587eBhT/ZTQ0ZtZA=",
      "dev": true
    },
    "smart-buffer": {
      "version": "https://registry.npmjs.org/smart-buffer/-/smart-buffer-1.0.3.tgz",
      "integrity": "sha1-CWhiHl6LhJ2iaj7XB/BErjnt2PU="
    },
    "socks": {
      "version": "https://registry.npmjs.org/socks/-/socks-1.1.8.tgz",
      "integrity": "sha1-3XMaI+ojdoApOwmgewhaJxtVjUs="
    },
    "source-map": {
      "version": "https://registry.npmjs.org/source-map/-/source-map-0.1.43.tgz",
      "integrity": "sha1-wkvBRspRfBRx9drL4lcbK3+eM0Y=",
      "optional": true
    },
    "sparkles": {
      "version": "https://registry.npmjs.org/sparkles/-/sparkles-1.0.0.tgz",
      "integrity": "sha1-Gsu/tZJDbRC76PeFt8xvgoFQEsM=",
      "dev": true
    },
    "stream-consume": {
      "version": "https://registry.npmjs.org/stream-consume/-/stream-consume-0.1.0.tgz",
      "integrity": "sha1-pB6tGm1ggc63n2WwYZAbbY89HQ8=",
      "dev": true
    },
    "string_decoder": {
      "version": "https://registry.npmjs.org/string_decoder/-/string_decoder-0.10.31.tgz",
      "integrity": "sha1-YuIDvEF2bGwoyfyEMB2rHFMQ+pQ="
    },
    "string.prototype.endswith": {
      "version": "https://registry.npmjs.org/string.prototype.endswith/-/string.prototype.endswith-0.2.0.tgz",
      "integrity": "sha1-oZwg3uUamHd+mkfhDwm+OTubunU="
    },
    "strip-ansi": {
      "version": "https://registry.npmjs.org/strip-ansi/-/strip-ansi-3.0.1.tgz",
      "integrity": "sha1-ajhfuIU9lS1f8F0Oiq+UJ43GPc8=",
      "dev": true
    },
    "strip-json-comments": {
      "version": "https://registry.npmjs.org/strip-json-comments/-/strip-json-comments-1.0.4.tgz",
      "integrity": "sha1-HhX7ysl9Pumb8tc7TGVrCCu6+5E=",
      "dev": true
    },
    "supports-color": {
      "version": "https://registry.npmjs.org/supports-color/-/supports-color-2.0.0.tgz",
      "integrity": "sha1-U10EXOa2Nj+kARcIRimZXp3zJMc=",
      "dev": true
    },
    "through2": {
      "version": "https://registry.npmjs.org/through2/-/through2-2.0.1.tgz",
      "integrity": "sha1-OE51MU1J8y3hLuu4E2uOtrXVnak=",
      "dev": true,
      "dependencies": {
        "readable-stream": {
          "version": "https://registry.npmjs.org/readable-stream/-/readable-stream-2.0.5.tgz",
          "integrity": "sha1-okJvjc1FUcd6M/lu3yiGojyClmk=",
          "dev": true
        }
      }
    },
    "thunkify": {
      "version": "https://registry.npmjs.org/thunkify/-/thunkify-2.1.2.tgz",
      "integrity": "sha1-+qDp0jDFGsyVyhOjYawFyn4EVT0="
    },
    "tildify": {
      "version": "https://registry.npmjs.org/tildify/-/tildify-1.1.2.tgz",
      "integrity": "sha1-n2Edii6TpeUHVtsEDxzSt/2AhZ0=",
      "dev": true
    },
    "time-stamp": {
      "version": "https://registry.npmjs.org/time-stamp/-/time-stamp-1.0.0.tgz",
      "integrity": "sha1-VrFS4H7CRCwj2eppCUQHbzjFNaE=",
      "dev": true
    },
    "unique-stream": {
      "version": "https://registry.npmjs.org/unique-stream/-/unique-stream-1.0.0.tgz",
      "integrity": "sha1-1ZpKdUJ0R9mqbJHnAmP40mpLEEs=",
      "dev": true
    },
    "unpipe": {
      "version": "1.0.0",
      "resolved": "https://registry.npmjs.org/unpipe/-/unpipe-1.0.0.tgz",
      "integrity": "sha1-sr9O6FFKrmFltIF4KdIbLvSZBOw="
    },
    "user-home": {
      "version": "https://registry.npmjs.org/user-home/-/user-home-1.1.1.tgz",
      "integrity": "sha1-K1viOjK2Onyd640PKNSFcko98ZA=",
      "dev": true
    },
    "util-deprecate": {
      "version": "https://registry.npmjs.org/util-deprecate/-/util-deprecate-1.0.2.tgz",
      "integrity": "sha1-RQ1Nyfpw3nMnYvvS1KKJgUGaDM8="
    },
    "v8flags": {
      "version": "https://registry.npmjs.org/v8flags/-/v8flags-2.0.11.tgz",
      "integrity": "sha1-vKjzDw1tYGEswsAGQeaWLUKuaIE=",
      "dev": true
    },
    "vinyl": {
      "version": "https://registry.npmjs.org/vinyl/-/vinyl-0.5.3.tgz",
      "integrity": "sha1-sEVbOPxeDPMNQyUTLkYZcMIJHN4=",
      "dev": true
    },
    "vinyl-fs": {
      "version": "https://registry.npmjs.org/vinyl-fs/-/vinyl-fs-0.3.14.tgz",
      "integrity": "sha1-mmhRzhysHBzqX+hsCTHWIMLPqeY=",
      "dev": true,
      "dependencies": {
        "clone": {
          "version": "https://registry.npmjs.org/clone/-/clone-0.2.0.tgz",
          "integrity": "sha1-xhJqkK1Pctv1rNskPMN3JP6T/B8=",
          "dev": true
        },
        "graceful-fs": {
          "version": "https://registry.npmjs.org/graceful-fs/-/graceful-fs-3.0.8.tgz",
          "integrity": "sha1-zoE+cl+oL35hR9UcmlymgnBVHCI=",
          "dev": true
        },
        "readable-stream": {
          "version": "https://registry.npmjs.org/readable-stream/-/readable-stream-1.0.33.tgz",
          "integrity": "sha1-OjYN1mwbHX/UcFOJhg7aHQ9hEmw=",
          "dev": true
        },
        "strip-bom": {
          "version": "https://registry.npmjs.org/strip-bom/-/strip-bom-1.0.0.tgz",
          "integrity": "sha1-hbiGLzhEtabV7IRnqTWYFzo295Q=",
          "dev": true
        },
        "through2": {
          "version": "https://registry.npmjs.org/through2/-/through2-0.6.5.tgz",
          "integrity": "sha1-QaucZ7KdVyCQcUEOHXp6lozTrUg=",
          "dev": true
        },
        "vinyl": {
          "version": "https://registry.npmjs.org/vinyl/-/vinyl-0.4.6.tgz",
          "integrity": "sha1-LzVsh6VQolVGHza76ypbqL94SEc=",
          "dev": true
        }
      }
    },
    "w3cjs": {
      "version": "0.4.0",
      "resolved": "https://registry.npmjs.org/w3cjs/-/w3cjs-0.4.0.tgz",
      "integrity": "sha1-EzYk4LhlYmfPanCF2NfGlLcPBI8=",
      "dependencies": {
        "agent-base": {
          "version": "2.1.1",
          "resolved": "https://registry.npmjs.org/agent-base/-/agent-base-2.1.1.tgz",
          "integrity": "sha1-1t4Q1a9hMtW9aSQn1G/FOFOQlMc="
        },
        "combined-stream": {
          "version": "1.0.5",
          "resolved": "https://registry.npmjs.org/combined-stream/-/combined-stream-1.0.5.tgz",
          "integrity": "sha1-k4NwpXtKUd6ix3wV1cX9+JUWQAk="
        },
        "commander": {
          "version": "2.9.0",
          "resolved": "https://registry.npmjs.org/commander/-/commander-2.9.0.tgz",
          "integrity": "sha1-nJkJQXbhIkDLItbFFGCYQA/g99Q="
        },
        "component-emitter": {
          "version": "1.2.1",
          "resolved": "https://registry.npmjs.org/component-emitter/-/component-emitter-1.2.1.tgz",
          "integrity": "sha1-E3kY1teCg/ffemt8WmPhQOaUJeY="
        },
        "cookiejar": {
          "version": "2.1.1",
          "resolved": "https://registry.npmjs.org/cookiejar/-/cookiejar-2.1.1.tgz",
          "integrity": "sha1-Qa1XsbVVlR7BcUEqgZQrHoIA00o="
        },
        "delayed-stream": {
          "version": "1.0.0",
          "resolved": "https://registry.npmjs.org/delayed-stream/-/delayed-stream-1.0.0.tgz",
          "integrity": "sha1-3zrhmayt+31ECqrgsp4icrJOxhk="
        },
        "extend": {
          "version": "3.0.1",
          "resolved": "https://registry.npmjs.org/extend/-/extend-3.0.1.tgz",
          "integrity": "sha1-p1Xqe8Gt/MWjHOfnYtuq3F5jZEQ="
        },
        "form-data": {
          "version": "2.2.0",
          "resolved": "https://registry.npmjs.org/form-data/-/form-data-2.2.0.tgz",
          "integrity": "sha1-ml47kpX5gLJiPPZPojixTOvKcHs="
        },
        "formidable": {
          "version": "1.1.1",
          "resolved": "https://registry.npmjs.org/formidable/-/formidable-1.1.1.tgz",
          "integrity": "sha1-lriIb3w8NQi5Mta9cMTTqI818ak="
        },
        "get-uri": {
          "version": "2.0.0",
          "resolved": "https://registry.npmjs.org/get-uri/-/get-uri-2.0.0.tgz",
          "integrity": "sha1-cT5Hy8uuqzj4ivHN/IX6fwmwBzg="
        },
        "http-proxy-agent": {
          "version": "1.0.0",
          "resolved": "https://registry.npmjs.org/http-proxy-agent/-/http-proxy-agent-1.0.0.tgz",
          "integrity": "sha1-zBzjjkU7+YSg93AtLdWcc9CBKEo="
        },
        "https-proxy-agent": {
          "version": "1.0.0",
          "resolved": "https://registry.npmjs.org/https-proxy-agent/-/https-proxy-agent-1.0.0.tgz",
          "integrity": "sha1-NffabEjOTdv6JkiRrFk+5f+GceY="
        },
        "ip": {
          "version": "1.0.1",
          "resolved": "https://registry.npmjs.org/ip/-/ip-1.0.1.tgz",
          "integrity": "sha1-x+NWzeoiWucbNtcPLnGpK6TkJZA="
        },
        "isarray": {
          "version": "1.0.0",
          "resolved": "https://registry.npmjs.org/isarray/-/isarray-1.0.0.tgz",
          "integrity": "sha1-u5NdSFgsuhaMBoNJV6VKPgcSTxE="
        },
        "lru-cache": {
          "version": "2.6.5",
          "resolved": "https://registry.npmjs.org/lru-cache/-/lru-cache-2.6.5.tgz",
          "integrity": "sha1-5W1jVBSO3o13B7WNFDIg/QjfD9U="
        },
        "methods": {
          "version": "1.1.2",
          "resolved": "https://registry.npmjs.org/methods/-/methods-1.1.2.tgz",
          "integrity": "sha1-VSmk1nZUE07cxSZmVoNbD4Ua/O4="
        },
        "mime": {
          "version": "1.3.6",
          "resolved": "https://registry.npmjs.org/mime/-/mime-1.3.6.tgz",
          "integrity": "sha1-WR2E02U6awtKO5343lqoEI5y5eA="
        },
        "pac-proxy-agent": {
          "version": "1.1.0",
          "resolved": "https://registry.npmjs.org/pac-proxy-agent/-/pac-proxy-agent-1.1.0.tgz",
          "integrity": "sha512-QBELCWyLYPgE2Gj+4wUEiMscHrQ8nRPBzYItQNOHWavwBt25ohZHQC4qnd5IszdVVrFbLsQ+dPkm6eqdjJAmwQ=="
        },
        "pac-resolver": {
          "version": "2.0.0",
          "resolved": "https://registry.npmjs.org/pac-resolver/-/pac-resolver-2.0.0.tgz",
          "integrity": "sha1-mbiNLxk/ve78HJpSnB8yYKtSd80="
        },
        "proxy-agent": {
          "version": "2.0.0",
          "resolved": "https://registry.npmjs.org/proxy-agent/-/proxy-agent-2.0.0.tgz",
          "integrity": "sha1-V+tTR6qAXXTsaByyVknbo5yTNJk="
        },
        "qs": {
          "version": "6.4.0",
          "resolved": "https://registry.npmjs.org/qs/-/qs-6.4.0.tgz",
          "integrity": "sha1-E+JtKK1rD/qpExLNO/cI7TUecjM="
        },
        "readable-stream": {
          "version": "2.2.11",
          "resolved": "https://registry.npmjs.org/readable-stream/-/readable-stream-2.2.11.tgz",
          "integrity": "sha512-h+8+r3MKEhkiVrwdKL8aWs1oc1VvBu33ueshOvS26RsZQ3Amhx/oO3TKe4lApSV9ueY6as8EAh7mtuFjdlhg9Q=="
        },
        "semver": {
          "version": "5.0.3",
          "resolved": "https://registry.npmjs.org/semver/-/semver-5.0.3.tgz",
          "integrity": "sha1-d0Zt5YnNXTyV8TiqeLxWmjy10no="
        },
        "socks-proxy-agent": {
          "version": "2.1.1",
          "resolved": "https://registry.npmjs.org/socks-proxy-agent/-/socks-proxy-agent-2.1.1.tgz",
          "integrity": "sha512-sFtmYqdUK5dAMh85H0LEVFUCO7OhJJe1/z2x/Z6mxp3s7/QPf1RkZmpZy+BpuU0bEjcV9npqKjq9Y3kwFUjnxw=="
        },
        "string_decoder": {
          "version": "1.0.2",
          "resolved": "https://registry.npmjs.org/string_decoder/-/string_decoder-1.0.2.tgz",
          "integrity": "sha1-sp4fThEl+pehA4K4pTNze3SR4Xk="
        },
        "superagent": {
          "version": "3.5.2",
          "resolved": "https://registry.npmjs.org/superagent/-/superagent-3.5.2.tgz",
          "integrity": "sha1-M2GjlxVnUEw1EGOr6q4PqiPb8/g="
        },
        "superagent-proxy": {
          "version": "1.0.2",
          "resolved": "https://registry.npmjs.org/superagent-proxy/-/superagent-proxy-1.0.2.tgz",
          "integrity": "sha1-ktNmBXj2GO1DqCz4yseZ/ik4ui0="
        }
      }
    },
    "wrappy": {
      "version": "https://registry.npmjs.org/wrappy/-/wrappy-1.0.1.tgz",
      "integrity": "sha1-HmWWmWXMvC20VIxrhKbyxa7dRzk="
    },
    "xmlbuilder": {
      "version": "9.0.0",
      "resolved": "https://registry.npmjs.org/xmlbuilder/-/xmlbuilder-9.0.0.tgz",
      "integrity": "sha1-qTEbP4UJNFcAxJqPeb4GvMWYjRg="
    },
    "xregexp": {
      "version": "https://registry.npmjs.org/xregexp/-/xregexp-2.0.0.tgz",
      "integrity": "sha1-UqY+VsoLhKfzpfPWGHLxJq16WUM="
    },
    "xtend": {
      "version": "https://registry.npmjs.org/xtend/-/xtend-4.0.1.tgz",
      "integrity": "sha1-pcbVMr5lbiPbgg77lDofBJmNY68=",
      "dev": true
    }
  }
}
